// !$*UTF8*$!
{
	archiveVersion = 1;
	classes = {
	};
	objectVersion = 50;
	objects = {

/* Begin PBXBuildFile section */
		4A0ED2F1228AED23006B2543 /* AppDelegate.m in Sources */ = {isa = PBXBuildFile; fileRef = 4A0ED2F0228AED23006B2543 /* AppDelegate.m */; };
		4A0ED2F4228AED23006B2543 /* ViewController.m in Sources */ = {isa = PBXBuildFile; fileRef = 4A0ED2F3228AED23006B2543 /* ViewController.m */; };
		4A0ED2F7228AED23006B2543 /* Main.storyboard in Resources */ = {isa = PBXBuildFile; fileRef = 4A0ED2F5228AED23006B2543 /* Main.storyboard */; };
		4A0ED2F9228AED24006B2543 /* Assets.xcassets in Resources */ = {isa = PBXBuildFile; fileRef = 4A0ED2F8228AED24006B2543 /* Assets.xcassets */; };
		4A0ED2FC228AED24006B2543 /* LaunchScreen.storyboard in Resources */ = {isa = PBXBuildFile; fileRef = 4A0ED2FA228AED24006B2543 /* LaunchScreen.storyboard */; };
		4A0ED2FF228AED24006B2543 /* main.m in Sources */ = {isa = PBXBuildFile; fileRef = 4A0ED2FE228AED24006B2543 /* main.m */; };
		4A0ED309228AED24006B2543 /* TestRacTests.m in Sources */ = {isa = PBXBuildFile; fileRef = 4A0ED308228AED24006B2543 /* TestRacTests.m */; };
		4A0ED314228AED24006B2543 /* TestRacUITests.m in Sources */ = {isa = PBXBuildFile; fileRef = 4A0ED313228AED24006B2543 /* TestRacUITests.m */; };
		C32FB99C813EB162349E2823 /* libPods-TestRac.a in Frameworks */ = {isa = PBXBuildFile; fileRef = 931FFEE2F2C3E2F1EC82FD74 /* libPods-TestRac.a */; };
/* End PBXBuildFile section */

/* Begin PBXContainerItemProxy section */
		4A0ED305228AED24006B2543 /* PBXContainerItemProxy */ = {
			isa = PBXContainerItemProxy;
			containerPortal = 4A0ED2E4228AED23006B2543 /* Project object */;
			proxyType = 1;
			remoteGlobalIDString = 4A0ED2EB228AED23006B2543;
			remoteInfo = TestRac;
		};
		4A0ED310228AED24006B2543 /* PBXContainerItemProxy */ = {
			isa = PBXContainerItemProxy;
			containerPortal = 4A0ED2E4228AED23006B2543 /* Project object */;
			proxyType = 1;
			remoteGlobalIDString = 4A0ED2EB228AED23006B2543;
			remoteInfo = TestRac;
		};
/* End PBXContainerItemProxy section */

/* Begin PBXFileReference section */
		4A0ED2EC228AED23006B2543 /* TestRac.app */ = {isa = PBXFileReference; explicitFileType = wrapper.application; includeInIndex = 0; path = TestRac.app; sourceTree = BUILT_PRODUCTS_DIR; };
		4A0ED2EF228AED23006B2543 /* AppDelegate.h */ = {isa = PBXFileReference; lastKnownFileType = sourcecode.c.h; path = AppDelegate.h; sourceTree = "<group>"; };
		4A0ED2F0228AED23006B2543 /* AppDelegate.m */ = {isa = PBXFileReference; lastKnownFileType = sourcecode.c.objc; path = AppDelegate.m; sourceTree = "<group>"; };
		4A0ED2F2228AED23006B2543 /* ViewController.h */ = {isa = PBXFileReference; lastKnownFileType = sourcecode.c.h; path = ViewController.h; sourceTree = "<group>"; };
		4A0ED2F3228AED23006B2543 /* ViewController.m */ = {isa = PBXFileReference; lastKnownFileType = sourcecode.c.objc; path = ViewController.m; sourceTree = "<group>"; };
		4A0ED2F6228AED23006B2543 /* Base */ = {isa = PBXFileReference; lastKnownFileType = file.storyboard; name = Base; path = Base.lproj/Main.storyboard; sourceTree = "<group>"; };
		4A0ED2F8228AED24006B2543 /* Assets.xcassets */ = {isa = PBXFileReference; lastKnownFileType = folder.assetcatalog; path = Assets.xcassets; sourceTree = "<group>"; };
		4A0ED2FB228AED24006B2543 /* Base */ = {isa = PBXFileReference; lastKnownFileType = file.storyboard; name = Base; path = Base.lproj/LaunchScreen.storyboard; sourceTree = "<group>"; };
		4A0ED2FD228AED24006B2543 /* Info.plist */ = {isa = PBXFileReference; lastKnownFileType = text.plist.xml; path = Info.plist; sourceTree = "<group>"; };
		4A0ED2FE228AED24006B2543 /* main.m */ = {isa = PBXFileReference; lastKnownFileType = sourcecode.c.objc; path = main.m; sourceTree = "<group>"; };
		4A0ED304228AED24006B2543 /* TestRacTests.xctest */ = {isa = PBXFileReference; explicitFileType = wrapper.cfbundle; includeInIndex = 0; path = TestRacTests.xctest; sourceTree = BUILT_PRODUCTS_DIR; };
		4A0ED308228AED24006B2543 /* TestRacTests.m */ = {isa = PBXFileReference; lastKnownFileType = sourcecode.c.objc; path = TestRacTests.m; sourceTree = "<group>"; };
		4A0ED30A228AED24006B2543 /* Info.plist */ = {isa = PBXFileReference; lastKnownFileType = text.plist.xml; path = Info.plist; sourceTree = "<group>"; };
		4A0ED30F228AED24006B2543 /* TestRacUITests.xctest */ = {isa = PBXFileReference; explicitFileType = wrapper.cfbundle; includeInIndex = 0; path = TestRacUITests.xctest; sourceTree = BUILT_PRODUCTS_DIR; };
		4A0ED313228AED24006B2543 /* TestRacUITests.m */ = {isa = PBXFileReference; lastKnownFileType = sourcecode.c.objc; path = TestRacUITests.m; sourceTree = "<group>"; };
		4A0ED315228AED24006B2543 /* Info.plist */ = {isa = PBXFileReference; lastKnownFileType = text.plist.xml; path = Info.plist; sourceTree = "<group>"; };
		931FFEE2F2C3E2F1EC82FD74 /* libPods-TestRac.a */ = {isa = PBXFileReference; explicitFileType = archive.ar; includeInIndex = 0; path = "libPods-TestRac.a"; sourceTree = BUILT_PRODUCTS_DIR; };
		946EA20AF7F11A3785166584 /* Pods-TestRac.release.xcconfig */ = {isa = PBXFileReference; includeInIndex = 1; lastKnownFileType = text.xcconfig; name = "Pods-TestRac.release.xcconfig"; path = "Target Support Files/Pods-TestRac/Pods-TestRac.release.xcconfig"; sourceTree = "<group>"; };
		DF582FD732D9E1384838B3B0 /* Pods-TestRac.debug.xcconfig */ = {isa = PBXFileReference; includeInIndex = 1; lastKnownFileType = text.xcconfig; name = "Pods-TestRac.debug.xcconfig"; path = "Target Support Files/Pods-TestRac/Pods-TestRac.debug.xcconfig"; sourceTree = "<group>"; };
/* End PBXFileReference section */

/* Begin PBXFrameworksBuildPhase section */
		4A0ED2E9228AED23006B2543 /* Frameworks */ = {
			isa = PBXFrameworksBuildPhase;
			buildActionMask = 2147483647;
			files = (
				C32FB99C813EB162349E2823 /* libPods-TestRac.a in Frameworks */,
			);
			runOnlyForDeploymentPostprocessing = 0;
		};
		4A0ED301228AED24006B2543 /* Frameworks */ = {
			isa = PBXFrameworksBuildPhase;
			buildActionMask = 2147483647;
			files = (
			);
			runOnlyForDeploymentPostprocessing = 0;
		};
		4A0ED30C228AED24006B2543 /* Frameworks */ = {
			isa = PBXFrameworksBuildPhase;
			buildActionMask = 2147483647;
			files = (
			);
			runOnlyForDeploymentPostprocessing = 0;
		};
/* End PBXFrameworksBuildPhase section */

/* Begin PBXGroup section */
		00322BA0E4F0DEE8FE357BBA /* Frameworks */ = {
			isa = PBXGroup;
			children = (
				931FFEE2F2C3E2F1EC82FD74 /* libPods-TestRac.a */,
			);
			name = Frameworks;
			sourceTree = "<group>";
		};
		2A8B678341AC058EFF086605 /* Pods */ = {
			isa = PBXGroup;
			children = (
				DF582FD732D9E1384838B3B0 /* Pods-TestRac.debug.xcconfig */,
				946EA20AF7F11A3785166584 /* Pods-TestRac.release.xcconfig */,
			);
			name = Pods;
			path = Pods;
			sourceTree = "<group>";
		};
		4A0ED2E3228AED23006B2543 = {
			isa = PBXGroup;
			children = (
				4A0ED2EE228AED23006B2543 /* TestRac */,
				4A0ED307228AED24006B2543 /* TestRacTests */,
				4A0ED312228AED24006B2543 /* TestRacUITests */,
				4A0ED2ED228AED23006B2543 /* Products */,
				2A8B678341AC058EFF086605 /* Pods */,
				00322BA0E4F0DEE8FE357BBA /* Frameworks */,
			);
			sourceTree = "<group>";
		};
		4A0ED2ED228AED23006B2543 /* Products */ = {
			isa = PBXGroup;
			children = (
				4A0ED2EC228AED23006B2543 /* TestRac.app */,
				4A0ED304228AED24006B2543 /* TestRacTests.xctest */,
				4A0ED30F228AED24006B2543 /* TestRacUITests.xctest */,
			);
			name = Products;
			sourceTree = "<group>";
		};
		4A0ED2EE228AED23006B2543 /* TestRac */ = {
			isa = PBXGroup;
			children = (
				4A0ED2EF228AED23006B2543 /* AppDelegate.h */,
				4A0ED2F0228AED23006B2543 /* AppDelegate.m */,
				4A0ED2F2228AED23006B2543 /* ViewController.h */,
				4A0ED2F3228AED23006B2543 /* ViewController.m */,
				4A0ED2F5228AED23006B2543 /* Main.storyboard */,
				4A0ED2F8228AED24006B2543 /* Assets.xcassets */,
				4A0ED2FA228AED24006B2543 /* LaunchScreen.storyboard */,
				4A0ED2FD228AED24006B2543 /* Info.plist */,
				4A0ED2FE228AED24006B2543 /* main.m */,
			);
			path = TestRac;
			sourceTree = "<group>";
		};
		4A0ED307228AED24006B2543 /* TestRacTests */ = {
			isa = PBXGroup;
			children = (
				4A0ED308228AED24006B2543 /* TestRacTests.m */,
				4A0ED30A228AED24006B2543 /* Info.plist */,
			);
			path = TestRacTests;
			sourceTree = "<group>";
		};
		4A0ED312228AED24006B2543 /* TestRacUITests */ = {
			isa = PBXGroup;
			children = (
				4A0ED313228AED24006B2543 /* TestRacUITests.m */,
				4A0ED315228AED24006B2543 /* Info.plist */,
			);
			path = TestRacUITests;
			sourceTree = "<group>";
		};
/* End PBXGroup section */

/* Begin PBXNativeTarget section */
		4A0ED2EB228AED23006B2543 /* TestRac */ = {
			isa = PBXNativeTarget;
			buildConfigurationList = 4A0ED318228AED24006B2543 /* Build configuration list for PBXNativeTarget "TestRac" */;
			buildPhases = (
				33B6FD99FEA66F675B14A57F /* [CP] Check Pods Manifest.lock */,
				4A0ED2E8228AED23006B2543 /* Sources */,
				4A0ED2E9228AED23006B2543 /* Frameworks */,
				4A0ED2EA228AED23006B2543 /* Resources */,
			);
			buildRules = (
			);
			dependencies = (
			);
			name = TestRac;
			productName = TestRac;
			productReference = 4A0ED2EC228AED23006B2543 /* TestRac.app */;
			productType = "com.apple.product-type.application";
		};
		4A0ED303228AED24006B2543 /* TestRacTests */ = {
			isa = PBXNativeTarget;
			buildConfigurationList = 4A0ED31B228AED24006B2543 /* Build configuration list for PBXNativeTarget "TestRacTests" */;
			buildPhases = (
				4A0ED300228AED24006B2543 /* Sources */,
				4A0ED301228AED24006B2543 /* Frameworks */,
				4A0ED302228AED24006B2543 /* Resources */,
			);
			buildRules = (
			);
			dependencies = (
				4A0ED306228AED24006B2543 /* PBXTargetDependency */,
			);
			name = TestRacTests;
			productName = TestRacTests;
			productReference = 4A0ED304228AED24006B2543 /* TestRacTests.xctest */;
			productType = "com.apple.product-type.bundle.unit-test";
		};
		4A0ED30E228AED24006B2543 /* TestRacUITests */ = {
			isa = PBXNativeTarget;
			buildConfigurationList = 4A0ED31E228AED24006B2543 /* Build configuration list for PBXNativeTarget "TestRacUITests" */;
			buildPhases = (
				4A0ED30B228AED24006B2543 /* Sources */,
				4A0ED30C228AED24006B2543 /* Frameworks */,
				4A0ED30D228AED24006B2543 /* Resources */,
			);
			buildRules = (
			);
			dependencies = (
				4A0ED311228AED24006B2543 /* PBXTargetDependency */,
			);
			name = TestRacUITests;
			productName = TestRacUITests;
			productReference = 4A0ED30F228AED24006B2543 /* TestRacUITests.xctest */;
			productType = "com.apple.product-type.bundle.ui-testing";
		};
/* End PBXNativeTarget section */

/* Begin PBXProject section */
		4A0ED2E4228AED23006B2543 /* Project object */ = {
			isa = PBXProject;
			attributes = {
				LastUpgradeCheck = 1020;
				ORGANIZATIONNAME = lk;
				TargetAttributes = {
					4A0ED2EB228AED23006B2543 = {
						CreatedOnToolsVersion = 10.2.1;
					};
					4A0ED303228AED24006B2543 = {
						CreatedOnToolsVersion = 10.2.1;
						TestTargetID = 4A0ED2EB228AED23006B2543;
					};
					4A0ED30E228AED24006B2543 = {
						CreatedOnToolsVersion = 10.2.1;
						TestTargetID = 4A0ED2EB228AED23006B2543;
					};
				};
			};
			buildConfigurationList = 4A0ED2E7228AED23006B2543 /* Build configuration list for PBXProject "TestRac" */;
			compatibilityVersion = "Xcode 9.3";
			developmentRegion = en;
			hasScannedForEncodings = 0;
			knownRegions = (
				en,
				Base,
			);
			mainGroup = 4A0ED2E3228AED23006B2543;
			productRefGroup = 4A0ED2ED228AED23006B2543 /* Products */;
			projectDirPath = "";
			projectRoot = "";
			targets = (
				4A0ED2EB228AED23006B2543 /* TestRac */,
				4A0ED303228AED24006B2543 /* TestRacTests */,
				4A0ED30E228AED24006B2543 /* TestRacUITests */,
			);
		};
/* End PBXProject section */

/* Begin PBXResourcesBuildPhase section */
		4A0ED2EA228AED23006B2543 /* Resources */ = {
			isa = PBXResourcesBuildPhase;
			buildActionMask = 2147483647;
			files = (
				4A0ED2FC228AED24006B2543 /* LaunchScreen.storyboard in Resources */,
				4A0ED2F9228AED24006B2543 /* Assets.xcassets in Resources */,
				4A0ED2F7228AED23006B2543 /* Main.storyboard in Resources */,
			);
			runOnlyForDeploymentPostprocessing = 0;
		};
		4A0ED302228AED24006B2543 /* Resources */ = {
			isa = PBXResourcesBuildPhase;
			buildActionMask = 2147483647;
			files = (
			);
			runOnlyForDeploymentPostprocessing = 0;
		};
		4A0ED30D228AED24006B2543 /* Resources */ = {
			isa = PBXResourcesBuildPhase;
			buildActionMask = 2147483647;
			files = (
			);
			runOnlyForDeploymentPostprocessing = 0;
		};
/* End PBXResourcesBuildPhase section */

/* Begin PBXShellScriptBuildPhase section */
		33B6FD99FEA66F675B14A57F /* [CP] Check Pods Manifest.lock */ = {
			isa = PBXShellScriptBuildPhase;
			buildActionMask = 2147483647;
			files = (
			);
			inputFileListPaths = (
			);
			inputPaths = (
				"${PODS_PODFILE_DIR_PATH}/Podfile.lock",
				"${PODS_ROOT}/Manifest.lock",
			);
			name = "[CP] Check Pods Manifest.lock";
			outputFileListPaths = (
			);
			outputPaths = (
				"$(DERIVED_FILE_DIR)/Pods-TestRac-checkManifestLockResult.txt",
			);
			runOnlyForDeploymentPostprocessing = 0;
			shellPath = /bin/sh;
			shellScript = "diff \"${PODS_PODFILE_DIR_PATH}/Podfile.lock\" \"${PODS_ROOT}/Manifest.lock\" > /dev/null\nif [ $? != 0 ] ; then\n    # print error to STDERR\n    echo \"error: The sandbox is not in sync with the Podfile.lock. Run 'pod install' or update your CocoaPods installation.\" >&2\n    exit 1\nfi\n# This output is used by Xcode 'outputs' to avoid re-running this script phase.\necho \"SUCCESS\" > \"${SCRIPT_OUTPUT_FILE_0}\"\n";
			showEnvVarsInLog = 0;
		};
/* End PBXShellScriptBuildPhase section */

/* Begin PBXSourcesBuildPhase section */
		4A0ED2E8228AED23006B2543 /* Sources */ = {
			isa = PBXSourcesBuildPhase;
			buildActionMask = 2147483647;
			files = (
				4A0ED2F4228AED23006B2543 /* ViewController.m in Sources */,
				4A0ED2FF228AED24006B2543 /* main.m in Sources */,
				4A0ED2F1228AED23006B2543 /* AppDelegate.m in Sources */,
			);
			runOnlyForDeploymentPostprocessing = 0;
		};
		4A0ED300228AED24006B2543 /* Sources */ = {
			isa = PBXSourcesBuildPhase;
			buildActionMask = 2147483647;
			files = (
				4A0ED309228AED24006B2543 /* TestRacTests.m in Sources */,
			);
			runOnlyForDeploymentPostprocessing = 0;
		};
		4A0ED30B228AED24006B2543 /* Sources */ = {
			isa = PBXSourcesBuildPhase;
			buildActionMask = 2147483647;
			files = (
				4A0ED314228AED24006B2543 /* TestRacUITests.m in Sources */,
			);
			runOnlyForDeploymentPostprocessing = 0;
		};
/* End PBXSourcesBuildPhase section */

/* Begin PBXTargetDependency section */
		4A0ED306228AED24006B2543 /* PBXTargetDependency */ = {
			isa = PBXTargetDependency;
			target = 4A0ED2EB228AED23006B2543 /* TestRac */;
			targetProxy = 4A0ED305228AED24006B2543 /* PBXContainerItemProxy */;
		};
		4A0ED311228AED24006B2543 /* PBXTargetDependency */ = {
			isa = PBXTargetDependency;
			target = 4A0ED2EB228AED23006B2543 /* TestRac */;
			targetProxy = 4A0ED310228AED24006B2543 /* PBXContainerItemProxy */;
		};
/* End PBXTargetDependency section */

/* Begin PBXVariantGroup section */
		4A0ED2F5228AED23006B2543 /* Main.storyboard */ = {
			isa = PBXVariantGroup;
			children = (
				4A0ED2F6228AED23006B2543 /* Base */,
			);
			name = Main.storyboard;
			sourceTree = "<group>";
		};
		4A0ED2FA228AED24006B2543 /* LaunchScreen.storyboard */ = {
			isa = PBXVariantGroup;
			children = (
				4A0ED2FB228AED24006B2543 /* Base */,
			);
			name = LaunchScreen.storyboard;
			sourceTree = "<group>";
		};
/* End PBXVariantGroup section */

/* Begin XCBuildConfiguration section */
		4A0ED316228AED24006B2543 /* Debug */ = {
			isa = XCBuildConfiguration;
			buildSettings = {
				ALWAYS_SEARCH_USER_PATHS = NO;
				CLANG_ANALYZER_NONNULL = YES;
				CLANG_ANALYZER_NUMBER_OBJECT_CONVERSION = YES_AGGRESSIVE;
				CLANG_CXX_LANGUAGE_STANDARD = "gnu++14";
				CLANG_CXX_LIBRARY = "libc++";
				CLANG_ENABLE_MODULES = YES;
				CLANG_ENABLE_OBJC_ARC = YES;
				CLANG_ENABLE_OBJC_WEAK = YES;
				CLANG_WARN_BLOCK_CAPTURE_AUTORELEASING = YES;
				CLANG_WARN_BOOL_CONVERSION = YES;
				CLANG_WARN_COMMA = YES;
				CLANG_WARN_CONSTANT_CONVERSION = YES;
				CLANG_WARN_DEPRECATED_OBJC_IMPLEMENTATIONS = YES;
				CLANG_WARN_DIRECT_OBJC_ISA_USAGE = YES_ERROR;
				CLANG_WARN_DOCUMENTATION_COMMENTS = YES;
				CLANG_WARN_EMPTY_BODY = YES;
				CLANG_WARN_ENUM_CONVERSION = YES;
				CLANG_WARN_INFINITE_RECURSION = YES;
				CLANG_WARN_INT_CONVERSION = YES;
				CLANG_WARN_NON_LITERAL_NULL_CONVERSION = YES;
				CLANG_WARN_OBJC_IMPLICIT_RETAIN_SELF = YES;
				CLANG_WARN_OBJC_LITERAL_CONVERSION = YES;
				CLANG_WARN_OBJC_ROOT_CLASS = YES_ERROR;
				CLANG_WARN_RANGE_LOOP_ANALYSIS = YES;
				CLANG_WARN_STRICT_PROTOTYPES = YES;
				CLANG_WARN_SUSPICIOUS_MOVE = YES;
				CLANG_WARN_UNGUARDED_AVAILABILITY = YES_AGGRESSIVE;
				CLANG_WARN_UNREACHABLE_CODE = YES;
				CLANG_WARN__DUPLICATE_METHOD_MATCH = YES;
				CODE_SIGN_IDENTITY = "iPhone Developer";
				COPY_PHASE_STRIP = NO;
				DEBUG_INFORMATION_FORMAT = dwarf;
				ENABLE_STRICT_OBJC_MSGSEND = YES;
				ENABLE_TESTABILITY = YES;
				GCC_C_LANGUAGE_STANDARD = gnu11;
				GCC_DYNAMIC_NO_PIC = NO;
				GCC_NO_COMMON_BLOCKS = YES;
				GCC_OPTIMIZATION_LEVEL = 0;
				GCC_PREPROCESSOR_DEFINITIONS = (
					"DEBUG=1",
					"$(inherited)",
				);
				GCC_WARN_64_TO_32_BIT_CONVERSION = YES;
				GCC_WARN_ABOUT_RETURN_TYPE = YES_ERROR;
				GCC_WARN_UNDECLARED_SELECTOR = YES;
				GCC_WARN_UNINITIALIZED_AUTOS = YES_AGGRESSIVE;
				GCC_WARN_UNUSED_FUNCTION = YES;
				GCC_WARN_UNUSED_VARIABLE = YES;
				IPHONEOS_DEPLOYMENT_TARGET = 12.2;
				MTL_ENABLE_DEBUG_INFO = INCLUDE_SOURCE;
				MTL_FAST_MATH = YES;
				ONLY_ACTIVE_ARCH = YES;
				SDKROOT = iphoneos;
			};
			name = Debug;
		};
		4A0ED317228AED24006B2543 /* Release */ = {
			isa = XCBuildConfiguration;
			buildSettings = {
				ALWAYS_SEARCH_USER_PATHS = NO;
				CLANG_ANALYZER_NONNULL = YES;
				CLANG_ANALYZER_NUMBER_OBJECT_CONVERSION = YES_AGGRESSIVE;
				CLANG_CXX_LANGUAGE_STANDARD = "gnu++14";
				CLANG_CXX_LIBRARY = "libc++";
				CLANG_ENABLE_MODULES = YES;
				CLANG_ENABLE_OBJC_ARC = YES;
				CLANG_ENABLE_OBJC_WEAK = YES;
				CLANG_WARN_BLOCK_CAPTURE_AUTORELEASING = YES;
				CLANG_WARN_BOOL_CONVERSION = YES;
				CLANG_WARN_COMMA = YES;
				CLANG_WARN_CONSTANT_CONVERSION = YES;
				CLANG_WARN_DEPRECATED_OBJC_IMPLEMENTATIONS = YES;
				CLANG_WARN_DIRECT_OBJC_ISA_USAGE = YES_ERROR;
				CLANG_WARN_DOCUMENTATION_COMMENTS = YES;
				CLANG_WARN_EMPTY_BODY = YES;
				CLANG_WARN_ENUM_CONVERSION = YES;
				CLANG_WARN_INFINITE_RECURSION = YES;
				CLANG_WARN_INT_CONVERSION = YES;
				CLANG_WARN_NON_LITERAL_NULL_CONVERSION = YES;
				CLANG_WARN_OBJC_IMPLICIT_RETAIN_SELF = YES;
				CLANG_WARN_OBJC_LITERAL_CONVERSION = YES;
				CLANG_WARN_OBJC_ROOT_CLASS = YES_ERROR;
				CLANG_WARN_RANGE_LOOP_ANALYSIS = YES;
				CLANG_WARN_STRICT_PROTOTYPES = YES;
				CLANG_WARN_SUSPICIOUS_MOVE = YES;
				CLANG_WARN_UNGUARDED_AVAILABILITY = YES_AGGRESSIVE;
				CLANG_WARN_UNREACHABLE_CODE = YES;
				CLANG_WARN__DUPLICATE_METHOD_MATCH = YES;
				CODE_SIGN_IDENTITY = "iPhone Developer";
				COPY_PHASE_STRIP = NO;
				DEBUG_INFORMATION_FORMAT = "dwarf-with-dsym";
				ENABLE_NS_ASSERTIONS = NO;
				ENABLE_STRICT_OBJC_MSGSEND = YES;
				GCC_C_LANGUAGE_STANDARD = gnu11;
				GCC_NO_COMMON_BLOCKS = YES;
				GCC_WARN_64_TO_32_BIT_CONVERSION = YES;
				GCC_WARN_ABOUT_RETURN_TYPE = YES_ERROR;
				GCC_WARN_UNDECLARED_SELECTOR = YES;
				GCC_WARN_UNINITIALIZED_AUTOS = YES_AGGRESSIVE;
				GCC_WARN_UNUSED_FUNCTION = YES;
				GCC_WARN_UNUSED_VARIABLE = YES;
				IPHONEOS_DEPLOYMENT_TARGET = 12.2;
				MTL_ENABLE_DEBUG_INFO = NO;
				MTL_FAST_MATH = YES;
				SDKROOT = iphoneos;
				VALIDATE_PRODUCT = YES;
			};
			name = Release;
		};
		4A0ED319228AED24006B2543 /* Debug */ = {
			isa = XCBuildConfiguration;
			baseConfigurationReference = DF582FD732D9E1384838B3B0 /* Pods-TestRac.debug.xcconfig */;
			buildSettings = {
				ASSETCATALOG_COMPILER_APPICON_NAME = AppIcon;
				CODE_SIGN_STYLE = Automatic;
				INFOPLIST_FILE = TestRac/Info.plist;
				LD_RUNPATH_SEARCH_PATHS = (
					"$(inherited)",
					"@executable_path/Frameworks",
				);
				PRODUCT_BUNDLE_IDENTIFIER = com.asy.www.TestRac;
				PRODUCT_NAME = "$(TARGET_NAME)";
				TARGETED_DEVICE_FAMILY = "1,2";
			};
			name = Debug;
		};
		4A0ED31A228AED24006B2543 /* Release */ = {
			isa = XCBuildConfiguration;
			baseConfigurationReference = 946EA20AF7F11A3785166584 /* Pods-TestRac.release.xcconfig */;
			buildSettings = {
				ASSETCATALOG_COMPILER_APPICON_NAME = AppIcon;
				CODE_SIGN_STYLE = Automatic;
				INFOPLIST_FILE = TestRac/Info.plist;
				LD_RUNPATH_SEARCH_PATHS = (
					"$(inherited)",
					"@executable_path/Frameworks",
				);
				PRODUCT_BUNDLE_IDENTIFIER = com.asy.www.TestRac;
				PRODUCT_NAME = "$(TARGET_NAME)";
				TARGETED_DEVICE_FAMILY = "1,2";
			};
			name = Release;
		};
		4A0ED31C228AED24006B2543 /* Debug */ = {
			isa = XCBuildConfiguration;
			buildSettings = {
				BUNDLE_LOADER = "$(TEST_HOST)";
				CODE_SIGN_STYLE = Automatic;
				INFOPLIST_FILE = TestRacTests/Info.plist;
				LD_RUNPATH_SEARCH_PATHS = (
					"$(inherited)",
					"@executable_path/Frameworks",
					"@loader_path/Frameworks",
				);
				PRODUCT_BUNDLE_IDENTIFIER = com.asy.www.TestRacTests;
				PRODUCT_NAME = "$(TARGET_NAME)";
				TARGETED_DEVICE_FAMILY = "1,2";
				TEST_HOST = "$(BUILT_PRODUCTS_DIR)/TestRac.app/TestRac";
			};
			name = Debug;
		};
		4A0ED31D228AED24006B2543 /* Release */ = {
			isa = XCBuildConfiguration;
			buildSettings = {
				BUNDLE_LOADER = "$(TEST_HOST)";
				CODE_SIGN_STYLE = Automatic;
				INFOPLIST_FILE = TestRacTests/Info.plist;
				LD_RUNPATH_SEARCH_PATHS = (
					"$(inherited)",
					"@executable_path/Frameworks",
					"@loader_path/Frameworks",
				);
				PRODUCT_BUNDLE_IDENTIFIER = com.asy.www.TestRacTests;
				PRODUCT_NAME = "$(TARGET_NAME)";
				TARGETED_DEVICE_FAMILY = "1,2";
				TEST_HOST = "$(BUILT_PRODUCTS_DIR)/TestRac.app/TestRac";
			};
			name = Release;
		};
		4A0ED31F228AED24006B2543 /* Debug */ = {
			isa = XCBuildConfiguration;
			buildSettings = {
				CODE_SIGN_STYLE = Automatic;
				INFOPLIST_FILE = TestRacUITests/Info.plist;
				LD_RUNPATH_SEARCH_PATHS = (
					"$(inherited)",
					"@executable_path/Frameworks",
					"@loader_path/Frameworks",
				);
				PRODUCT_BUNDLE_IDENTIFIER = com.asy.www.TestRacUITests;
				PRODUCT_NAME = "$(TARGET_NAME)";
				TARGETED_DEVICE_FAMILY = "1,2";
				TEST_TARGET_NAME = TestRac;
			};
			name = Debug;
		};
		4A0ED320228AED24006B2543 /* Release */ = {
			isa = XCBuildConfiguration;
			buildSettings = {
				CODE_SIGN_STYLE = Automatic;
				INFOPLIST_FILE = TestRacUITests/Info.plist;
				LD_RUNPATH_SEARCH_PATHS = (
					"$(inherited)",
					"@executable_path/Frameworks",
					"@loader_path/Frameworks",
				);
				PRODUCT_BUNDLE_IDENTIFIER = com.asy.www.TestRacUITests;
				PRODUCT_NAME = "$(TARGET_NAME)";
				TARGETED_DEVICE_FAMILY = "1,2";
				TEST_TARGET_NAME = TestRac;
			};
			name = Release;
		};
/* End XCBuildConfiguration section */

/* Begin XCConfigurationList section */
		4A0ED2E7228AED23006B2543 /* Build configuration list for PBXProject "TestRac" */ = {
			isa = XCConfigurationList;
			buildConfigurations = (
				4A0ED316228AED24006B2543 /* Debug */,
				4A0ED317228AED24006B2543 /* Release */,
			);
			defaultConfigurationIsVisible = 0;
			defaultConfigurationName = Release;
		};
		4A0ED318228AED24006B2543 /* Build configuration list for PBXNativeTarget "TestRac" */ = {
			isa = XCConfigurationList;
			buildConfigurations = (
				4A0ED319228AED24006B2543 /* Debug */,
				4A0ED31A228AED24006B2543 /* Release */,
			);
			defaultConfigurationIsVisible = 0;
			defaultConfigurationName = Release;
		};
		4A0ED31B228AED24006B2543 /* Build configuration list for PBXNativeTarget "TestRacTests" */ = {
			isa = XCConfigurationList;
			buildConfigurations = (
				4A0ED31C228AED24006B2543 /* Debug */,
				4A0ED31D228AED24006B2543 /* Release */,
			);
			defaultConfigurationIsVisible = 0;
			defaultConfigurationName = Release;
		};
		4A0ED31E228AED24006B2543 /* Build configuration list for PBXNativeTarget "TestRacUITests" */ = {
			isa = XCConfigurationList;
			buildConfigurations = (
				4A0ED31F228AED24006B2543 /* Debug */,
				4A0ED320228AED24006B2543 /* Release */,
			);
			defaultConfigurationIsVisible = 0;
			defaultConfigurationName = Release;
		};
/* End XCConfigurationList section */
	};
	rootObject = 4A0ED2E4228AED23006B2543 /* Project object */;
}
